{
  "name": "nest-typescript-starter",
  "version": "1.0.0",
  "lockfileVersion": 1,
  "requires": true,
  "dependencies": {
    "@types/validator": {
      "version": "13.7.1",
      "resolved": "https://registry.npmjs.org/@types/validator/-/validator-13.7.1.tgz",
      "integrity": "sha512-I6OUIZ5cYRk5lp14xSOAiXjWrfVoMZVjDuevBYgQDYzZIjsf2CAISpEcXOkFAtpAHbmWIDLcZObejqny/9xq5Q==",
      "dev": true
    }
  }
}
